
Microsoft Visual Studio Solution File, Format Version 12.00
# Visual Studio Version 17
VisualStudioVersion = 17.2.32526.322
MinimumVisualStudioVersion = 10.0.40219.1
Project("{FAE04EC0-301F-11D3-BF4B-00C04F79EFBC}") = "BTCK", "BTCK\BTCK.csproj", "{56F2E9DA-B483-46BF-8227-26E8093CAC79}"
EndProject
Global
	GlobalSection(SolutionConfigurationPlatforms) = preSolution
		Debug|Any CPU = Debug|Any CPU
		Release|Any CPU = Release|Any CPU
	EndGlobalSection
	GlobalSection(ProjectConfigurationPlatforms) = postSolution
		{56F2E9DA-B483-46BF-8227-26E8093CAC79}.Debug|Any CPU.ActiveCfg = Debug|Any CPU
		{56F2E9DA-B483-46BF-8227-26E8093CAC79}.Debug|Any CPU.Build.0 = Debug|Any CPU
		{56F2E9DA-B483-46BF-8227-26E8093CAC79}.Release|Any CPU.ActiveCfg = Release|Any CPU
		{56F2E9DA-B483-46BF-8227-26E8093CAC79}.Release|Any CPU.Build.0 = Release|Any CPU
	EndGlobalSection
	GlobalSection(SolutionProperties) = preSolution
		HideSolutionNode = FALSE
	EndGlobalSection
	GlobalSection(ExtensibilityGlobals) = postSolution
		SolutionGuid = {54066564-71AE-4074-9B63-F0195FA11F24}
	EndGlobalSection
EndGlobal
